
Microsoft Visual Studio Solution File, Format Version 12.00
# Visual Studio Version 17
VisualStudioVersion = 17.1.32319.34
MinimumVisualStudioVersion = 10.0.40219.1
Project("{FAE04EC0-301F-11D3-BF4B-00C04F79EFBC}") = "MarsRover", "MarsRover\MarsRover.csproj", "{4DAC4548-F242-4620-A8D3-3F103399FD34}"
EndProject
Project("{FAE04EC0-301F-11D3-BF4B-00C04F79EFBC}") = "MarsRoverTests", "MarsRoverTests\MarsRoverTests.csproj", "{81DBEACC-1ED7-49A0-9239-693744CF25BE}"
	ProjectSection(ProjectDependencies) = postProject
		{4DAC4548-F242-4620-A8D3-3F103399FD34} = {4DAC4548-F242-4620-A8D3-3F103399FD34}
	EndProjectSection
EndProject
Global
	GlobalSection(SolutionConfigurationPlatforms) = preSolution
		Debug|Any CPU = Debug|Any CPU
		Release|Any CPU = Release|Any CPU
	EndGlobalSection
	GlobalSection(ProjectConfigurationPlatforms) = postSolution
		{4DAC4548-F242-4620-A8D3-3F103399FD34}.Debug|Any CPU.ActiveCfg = Debug|Any CPU
		{4DAC4548-F242-4620-A8D3-3F103399FD34}.Debug|Any CPU.Build.0 = Debug|Any CPU
		{4DAC4548-F242-4620-A8D3-3F103399FD34}.Release|Any CPU.ActiveCfg = Release|Any CPU
		{4DAC4548-F242-4620-A8D3-3F103399FD34}.Release|Any CPU.Build.0 = Release|Any CPU
		{81DBEACC-1ED7-49A0-9239-693744CF25BE}.Debug|Any CPU.ActiveCfg = Debug|Any CPU
		{81DBEACC-1ED7-49A0-9239-693744CF25BE}.Debug|Any CPU.Build.0 = Debug|Any CPU
		{81DBEACC-1ED7-49A0-9239-693744CF25BE}.Release|Any CPU.ActiveCfg = Release|Any CPU
		{81DBEACC-1ED7-49A0-9239-693744CF25BE}.Release|Any CPU.Build.0 = Release|Any CPU
	EndGlobalSection
	GlobalSection(SolutionProperties) = preSolution
		HideSolutionNode = FALSE
	EndGlobalSection
	GlobalSection(ExtensibilityGlobals) = postSolution
		SolutionGuid = {1B7DADE6-D95B-4E4E-B3F9-F17E88D9DF71}
	EndGlobalSection
EndGlobal
